
Microsoft Visual Studio Solution File, Format Version 12.00
# Visual Studio Version 17
VisualStudioVersion = 17.9.34622.214
MinimumVisualStudioVersion = 10.0.40219.1
Project("{9A19103F-16F7-4668-BE54-9A1E7A4F7556}") = "Aon_PMS.Server", "Server\Aon_PMS.Server.csproj", "{51624062-514E-4F57-9D11-BE77A233E055}"
EndProject
Project("{9A19103F-16F7-4668-BE54-9A1E7A4F7556}") = "Aon_PMS.Client", "Client\Aon_PMS.Client.csproj", "{36244A90-4E5D-4A9A-810F-847A52A4CA08}"
EndProject
Project("{9A19103F-16F7-4668-BE54-9A1E7A4F7556}") = "Aon_PMS.Shared", "Shared\Aon_PMS.Shared.csproj", "{C43E37D9-18A4-4BC5-9349-86D810CED31D}"
EndProject
Global
	GlobalSection(SolutionConfigurationPlatforms) = preSolution
		Debug|Any CPU = Debug|Any CPU
		Release|Any CPU = Release|Any CPU
	EndGlobalSection
	GlobalSection(ProjectConfigurationPlatforms) = postSolution
		{51624062-514E-4F57-9D11-BE77A233E055}.Debug|Any CPU.ActiveCfg = Debug|Any CPU
		{51624062-514E-4F57-9D11-BE77A233E055}.Debug|Any CPU.Build.0 = Debug|Any CPU
		{51624062-514E-4F57-9D11-BE77A233E055}.Release|Any CPU.ActiveCfg = Release|Any CPU
		{51624062-514E-4F57-9D11-BE77A233E055}.Release|Any CPU.Build.0 = Release|Any CPU
		{36244A90-4E5D-4A9A-810F-847A52A4CA08}.Debug|Any CPU.ActiveCfg = Debug|Any CPU
		{36244A90-4E5D-4A9A-810F-847A52A4CA08}.Debug|Any CPU.Build.0 = Debug|Any CPU
		{36244A90-4E5D-4A9A-810F-847A52A4CA08}.Release|Any CPU.ActiveCfg = Release|Any CPU
		{36244A90-4E5D-4A9A-810F-847A52A4CA08}.Release|Any CPU.Build.0 = Release|Any CPU
		{C43E37D9-18A4-4BC5-9349-86D810CED31D}.Debug|Any CPU.ActiveCfg = Debug|Any CPU
		{C43E37D9-18A4-4BC5-9349-86D810CED31D}.Debug|Any CPU.Build.0 = Debug|Any CPU
		{C43E37D9-18A4-4BC5-9349-86D810CED31D}.Release|Any CPU.ActiveCfg = Release|Any CPU
		{C43E37D9-18A4-4BC5-9349-86D810CED31D}.Release|Any CPU.Build.0 = Release|Any CPU
	EndGlobalSection
	GlobalSection(SolutionProperties) = preSolution
		HideSolutionNode = FALSE
	EndGlobalSection
	GlobalSection(ExtensibilityGlobals) = postSolution
		SolutionGuid = {B9895547-9814-4903-9C21-34BC14948F86}
	EndGlobalSection
EndGlobal
